// !$*UTF8*$!
{
	archiveVersion = 1;
	classes = {
	};
	objectVersion = 55;
	objects = {

/* Begin PBXBuildFile section */
		84012B1B2841074B008242A7 /* locations.json in Resources */ = {isa = PBXBuildFile; fileRef = 84012B1A2841074B008242A7 /* locations.json */; };
		84012B1D284108E1008242A7 /* MapAnnotationView.swift in Sources */ = {isa = PBXBuildFile; fileRef = 84012B1C284108E1008242A7 /* MapAnnotationView.swift */; };
		84012B2028410C1E008242A7 /* UniversityApp.xcdatamodeld in Sources */ = {isa = PBXBuildFile; fileRef = 84012B1E28410C1E008242A7 /* UniversityApp.xcdatamodeld */; };
		8404EA8128241B9500203E9D /* UniversityAppApp.swift in Sources */ = {isa = PBXBuildFile; fileRef = 8404EA8028241B9500203E9D /* UniversityAppApp.swift */; };
		8404EA8528241B9700203E9D /* Assets.xcassets in Resources */ = {isa = PBXBuildFile; fileRef = 8404EA8428241B9700203E9D /* Assets.xcassets */; };
		8404EA8828241B9700203E9D /* Preview Assets.xcassets in Resources */ = {isa = PBXBuildFile; fileRef = 8404EA8728241B9700203E9D /* Preview Assets.xcassets */; };
		8404EA8A28241B9700203E9D /* Persistence.swift in Sources */ = {isa = PBXBuildFile; fileRef = 8404EA8928241B9700203E9D /* Persistence.swift */; };
		840674EE283FBB19002C2D48 /* universities.json in Resources */ = {isa = PBXBuildFile; fileRef = 840674ED283FBB19002C2D48 /* universities.json */; };
		840674F0283FBCA9002C2D48 /* InsetCommentView.swift in Sources */ = {isa = PBXBuildFile; fileRef = 840674EF283FBCA9002C2D48 /* InsetCommentView.swift */; };
		840674F2283FCAF8002C2D48 /* CopyrightView.swift in Sources */ = {isa = PBXBuildFile; fileRef = 840674F1283FCAF7002C2D48 /* CopyrightView.swift */; };
		840674F5283FCC7B002C2D48 /* CenterModifier.swift in Sources */ = {isa = PBXBuildFile; fileRef = 840674F4283FCC7B002C2D48 /* CenterModifier.swift */; };
		84096CC0283E718800645821 /* ContentView.swift in Sources */ = {isa = PBXBuildFile; fileRef = 84096CBF283E718800645821 /* ContentView.swift */; };
		84096CC4283E737B00645821 /* MapView.swift in Sources */ = {isa = PBXBuildFile; fileRef = 84096CC3283E737B00645821 /* MapView.swift */; };
		84096CC6283E73AA00645821 /* SettingsView.swift in Sources */ = {isa = PBXBuildFile; fileRef = 84096CC5283E73AA00645821 /* SettingsView.swift */; };
		84096CC8283E741A00645821 /* ClassificationView.swift in Sources */ = {isa = PBXBuildFile; fileRef = 84096CC7283E741A00645821 /* ClassificationView.swift */; };
		84096CCB283E751700645821 /* CoverImageView.swift in Sources */ = {isa = PBXBuildFile; fileRef = 84096CCA283E751700645821 /* CoverImageView.swift */; };
		84096CCF283E758F00645821 /* CoverImageModel.swift in Sources */ = {isa = PBXBuildFile; fileRef = 84096CCE283E758F00645821 /* CoverImageModel.swift */; };
		84096CD2283E75F000645821 /* CodableBundleExtension.swift in Sources */ = {isa = PBXBuildFile; fileRef = 84096CD1283E75F000645821 /* CodableBundleExtension.swift */; };
		84096CD8283E765300645821 /* covers.json in Resources */ = {isa = PBXBuildFile; fileRef = 84096CD4283E765200645821 /* covers.json */; };
		84096CDA283E765300645821 /* regions.json in Resources */ = {isa = PBXBuildFile; fileRef = 84096CD6283E765200645821 /* regions.json */; };
		84096CDD283E778400645821 /* UniversityListItemView.swift in Sources */ = {isa = PBXBuildFile; fileRef = 84096CDC283E778400645821 /* UniversityListItemView.swift */; };
		84096CDF283E7C0A00645821 /* UniversityModel.swift in Sources */ = {isa = PBXBuildFile; fileRef = 84096CDE283E7C0A00645821 /* UniversityModel.swift */; };
		84096CE3283E843C00645821 /* UniversityDetailView.swift in Sources */ = {isa = PBXBuildFile; fileRef = 84096CE2283E843C00645821 /* UniversityDetailView.swift */; };
		84096CE5283E855500645821 /* HeadingView.swift in Sources */ = {isa = PBXBuildFile; fileRef = 84096CE4283E855500645821 /* HeadingView.swift */; };
		84096CE7283E85D900645821 /* InsetGalleryView.swift in Sources */ = {isa = PBXBuildFile; fileRef = 84096CE6283E85D900645821 /* InsetGalleryView.swift */; };
		84096CE9283E8A9000645821 /* InsetMessageView.swift in Sources */ = {isa = PBXBuildFile; fileRef = 84096CE8283E8A9000645821 /* InsetMessageView.swift */; };
		84096CEB283E8B5100645821 /* InsetMapView.swift in Sources */ = {isa = PBXBuildFile; fileRef = 84096CEA283E8B5100645821 /* InsetMapView.swift */; };
		84096CED283E8C7E00645821 /* ExternalWebLinkView.swift in Sources */ = {isa = PBXBuildFile; fileRef = 84096CEC283E8C7E00645821 /* ExternalWebLinkView.swift */; };
		84716541285B067A00A7F38F /* FormRowStaticView.swift in Sources */ = {isa = PBXBuildFile; fileRef = 84716540285B067A00A7F38F /* FormRowStaticView.swift */; };
		84716544285B0A1800A7F38F /* ThemeModel.swift in Sources */ = {isa = PBXBuildFile; fileRef = 84716543285B0A1800A7F38F /* ThemeModel.swift */; };
		84716546285B0A6000A7F38F /* ThemeData.swift in Sources */ = {isa = PBXBuildFile; fileRef = 84716545285B0A6000A7F38F /* ThemeData.swift */; };
		84716548285B0B0B00A7F38F /* ThemeSettings.swift in Sources */ = {isa = PBXBuildFile; fileRef = 84716547285B0B0B00A7F38F /* ThemeSettings.swift */; };
		84B0C21E283294DE00F6CBA2 /* RegionModel.swift in Sources */ = {isa = PBXBuildFile; fileRef = 84B0C21D283294DE00F6CBA2 /* RegionModel.swift */; };
		84B0C223283294E600F6CBA2 /* UniversityLocationModel.swift in Sources */ = {isa = PBXBuildFile; fileRef = 84B0C220283294E500F6CBA2 /* UniversityLocationModel.swift */; };
		84B0C2472832951900F6CBA2 /* MainView.swift in Sources */ = {isa = PBXBuildFile; fileRef = 84B0C2412832951800F6CBA2 /* MainView.swift */; };
/* End PBXBuildFile section */

/* Begin PBXFileReference section */
		84012B1A2841074B008242A7 /* locations.json */ = {isa = PBXFileReference; fileEncoding = 4; lastKnownFileType = text.json; path = locations.json; sourceTree = "<group>"; };
		84012B1C284108E1008242A7 /* MapAnnotationView.swift */ = {isa = PBXFileReference; lastKnownFileType = sourcecode.swift; path = MapAnnotationView.swift; sourceTree = "<group>"; };
		84012B1F28410C1E008242A7 /* UniversityApp.xcdatamodel */ = {isa = PBXFileReference; lastKnownFileType = wrapper.xcdatamodel; path = UniversityApp.xcdatamodel; sourceTree = "<group>"; };
		8404EA7D28241B9500203E9D /* UniversityApp.app */ = {isa = PBXFileReference; explicitFileType = wrapper.application; includeInIndex = 0; path = UniversityApp.app; sourceTree = BUILT_PRODUCTS_DIR; };
		8404EA8028241B9500203E9D /* UniversityAppApp.swift */ = {isa = PBXFileReference; lastKnownFileType = sourcecode.swift; path = UniversityAppApp.swift; sourceTree = "<group>"; };
		8404EA8428241B9700203E9D /* Assets.xcassets */ = {isa = PBXFileReference; lastKnownFileType = folder.assetcatalog; path = Assets.xcassets; sourceTree = "<group>"; };
		8404EA8728241B9700203E9D /* Preview Assets.xcassets */ = {isa = PBXFileReference; lastKnownFileType = folder.assetcatalog; path = "Preview Assets.xcassets"; sourceTree = "<group>"; };
		8404EA8928241B9700203E9D /* Persistence.swift */ = {isa = PBXFileReference; lastKnownFileType = sourcecode.swift; path = Persistence.swift; sourceTree = "<group>"; };
		840674ED283FBB19002C2D48 /* universities.json */ = {isa = PBXFileReference; fileEncoding = 4; lastKnownFileType = text.json; path = universities.json; sourceTree = "<group>"; };
		840674EF283FBCA9002C2D48 /* InsetCommentView.swift */ = {isa = PBXFileReference; lastKnownFileType = sourcecode.swift; path = InsetCommentView.swift; sourceTree = "<group>"; };
		840674F1283FCAF7002C2D48 /* CopyrightView.swift */ = {isa = PBXFileReference; lastKnownFileType = sourcecode.swift; path = CopyrightView.swift; sourceTree = "<group>"; };
		840674F4283FCC7B002C2D48 /* CenterModifier.swift */ = {isa = PBXFileReference; lastKnownFileType = sourcecode.swift; path = CenterModifier.swift; sourceTree = "<group>"; };
		84096CBE283E6EE700645821 /* Info.plist */ = {isa = PBXFileReference; lastKnownFileType = text.plist; path = Info.plist; sourceTree = "<group>"; };
		84096CBF283E718800645821 /* ContentView.swift */ = {isa = PBXFileReference; lastKnownFileType = sourcecode.swift; path = ContentView.swift; sourceTree = "<group>"; };
		84096CC3283E737B00645821 /* MapView.swift */ = {isa = PBXFileReference; lastKnownFileType = sourcecode.swift; path = MapView.swift; sourceTree = "<group>"; };
		84096CC5283E73AA00645821 /* SettingsView.swift */ = {isa = PBXFileReference; lastKnownFileType = sourcecode.swift; path = SettingsView.swift; sourceTree = "<group>"; };
		84096CC7283E741A00645821 /* ClassificationView.swift */ = {isa = PBXFileReference; lastKnownFileType = sourcecode.swift; path = ClassificationView.swift; sourceTree = "<group>"; };
		84096CCA283E751700645821 /* CoverImageView.swift */ = {isa = PBXFileReference; lastKnownFileType = sourcecode.swift; path = CoverImageView.swift; sourceTree = "<group>"; };
		84096CCE283E758F00645821 /* CoverImageModel.swift */ = {isa = PBXFileReference; lastKnownFileType = sourcecode.swift; path = CoverImageModel.swift; sourceTree = "<group>"; };
		84096CD1283E75F000645821 /* CodableBundleExtension.swift */ = {isa = PBXFileReference; lastKnownFileType = sourcecode.swift; path = CodableBundleExtension.swift; sourceTree = "<group>"; };
		84096CD4283E765200645821 /* covers.json */ = {isa = PBXFileReference; fileEncoding = 4; lastKnownFileType = text.json; path = covers.json; sourceTree = "<group>"; };
		84096CD6283E765200645821 /* regions.json */ = {isa = PBXFileReference; fileEncoding = 4; lastKnownFileType = text.json; path = regions.json; sourceTree = "<group>"; };
		84096CDC283E778400645821 /* UniversityListItemView.swift */ = {isa = PBXFileReference; lastKnownFileType = sourcecode.swift; path = UniversityListItemView.swift; sourceTree = "<group>"; };
		84096CDE283E7C0A00645821 /* UniversityModel.swift */ = {isa = PBXFileReference; lastKnownFileType = sourcecode.swift; path = UniversityModel.swift; sourceTree = "<group>"; };
		84096CE2283E843C00645821 /* UniversityDetailView.swift */ = {isa = PBXFileReference; lastKnownFileType = sourcecode.swift; path = UniversityDetailView.swift; sourceTree = "<group>"; };
		84096CE4283E855500645821 /* HeadingView.swift */ = {isa = PBXFileReference; lastKnownFileType = sourcecode.swift; path = HeadingView.swift; sourceTree = "<group>"; };
		84096CE6283E85D900645821 /* InsetGalleryView.swift */ = {isa = PBXFileReference; lastKnownFileType = sourcecode.swift; path = InsetGalleryView.swift; sourceTree = "<group>"; };
		84096CE8283E8A9000645821 /* InsetMessageView.swift */ = {isa = PBXFileReference; lastKnownFileType = sourcecode.swift; path = InsetMessageView.swift; sourceTree = "<group>"; };
		84096CEA283E8B5100645821 /* InsetMapView.swift */ = {isa = PBXFileReference; lastKnownFileType = sourcecode.swift; path = InsetMapView.swift; sourceTree = "<group>"; };
		84096CEC283E8C7E00645821 /* ExternalWebLinkView.swift */ = {isa = PBXFileReference; lastKnownFileType = sourcecode.swift; path = ExternalWebLinkView.swift; sourceTree = "<group>"; };
		84716540285B067A00A7F38F /* FormRowStaticView.swift */ = {isa = PBXFileReference; lastKnownFileType = sourcecode.swift; path = FormRowStaticView.swift; sourceTree = "<group>"; };
		84716543285B0A1800A7F38F /* ThemeModel.swift */ = {isa = PBXFileReference; lastKnownFileType = sourcecode.swift; path = ThemeModel.swift; sourceTree = "<group>"; };
		84716545285B0A6000A7F38F /* ThemeData.swift */ = {isa = PBXFileReference; lastKnownFileType = sourcecode.swift; path = ThemeData.swift; sourceTree = "<group>"; };
		84716547285B0B0B00A7F38F /* ThemeSettings.swift */ = {isa = PBXFileReference; lastKnownFileType = sourcecode.swift; path = ThemeSettings.swift; sourceTree = "<group>"; };
		84B0C21D283294DE00F6CBA2 /* RegionModel.swift */ = {isa = PBXFileReference; fileEncoding = 4; lastKnownFileType = sourcecode.swift; path = RegionModel.swift; sourceTree = "<group>"; };
		84B0C220283294E500F6CBA2 /* UniversityLocationModel.swift */ = {isa = PBXFileReference; fileEncoding = 4; lastKnownFileType = sourcecode.swift; path = UniversityLocationModel.swift; sourceTree = "<group>"; };
		84B0C2412832951800F6CBA2 /* MainView.swift */ = {isa = PBXFileReference; fileEncoding = 4; lastKnownFileType = sourcecode.swift; path = MainView.swift; sourceTree = "<group>"; };
		84B0C24D2832953700F6CBA2 /* University.entitlements */ = {isa = PBXFileReference; lastKnownFileType = text.plist.entitlements; path = University.entitlements; sourceTree = "<group>"; };
/* End PBXFileReference section */

/* Begin PBXFrameworksBuildPhase section */
		8404EA7A28241B9500203E9D /* Frameworks */ = {
			isa = PBXFrameworksBuildPhase;
			buildActionMask = 2147483647;
			files = (
			);
			runOnlyForDeploymentPostprocessing = 0;
		};
/* End PBXFrameworksBuildPhase section */

/* Begin PBXGroup section */
		8404EA7428241B9500203E9D = {
			isa = PBXGroup;
			children = (
				8404EA7F28241B9500203E9D /* UniversityApp */,
				8404EA7E28241B9500203E9D /* Products */,
			);
			sourceTree = "<group>";
			usesTabs = 0;
		};
		8404EA7E28241B9500203E9D /* Products */ = {
			isa = PBXGroup;
			children = (
				8404EA7D28241B9500203E9D /* UniversityApp.app */,
			);
			name = Products;
			sourceTree = "<group>";
		};
		8404EA7F28241B9500203E9D /* UniversityApp */ = {
			isa = PBXGroup;
			children = (
				84716542285B09FF00A7F38F /* Theme */,
				840674F3283FCC66002C2D48 /* Modifier */,
				84096CD3283E762B00645821 /* Data */,
				84096CD0283E75CC00645821 /* Extension */,
				84096CBE283E6EE700645821 /* Info.plist */,
				84B0C24D2832953700F6CBA2 /* University.entitlements */,
				84B0C215283293D700F6CBA2 /* App */,
				84B0C214283293D200F6CBA2 /* Model */,
				84B0C213283293CA00F6CBA2 /* View */,
				8404EA8428241B9700203E9D /* Assets.xcassets */,
				8404EA8928241B9700203E9D /* Persistence.swift */,
				84012B1E28410C1E008242A7 /* UniversityApp.xcdatamodeld */,
				8404EA8628241B9700203E9D /* Preview Content */,
			);
			path = UniversityApp;
			sourceTree = "<group>";
		};
		8404EA8628241B9700203E9D /* Preview Content */ = {
			isa = PBXGroup;
			children = (
				8404EA8728241B9700203E9D /* Preview Assets.xcassets */,
			);
			path = "Preview Content";
			sourceTree = "<group>";
		};
		840674F3283FCC66002C2D48 /* Modifier */ = {
			isa = PBXGroup;
			children = (
				840674F4283FCC7B002C2D48 /* CenterModifier.swift */,
			);
			path = Modifier;
			sourceTree = "<group>";
		};
		84096CD0283E75CC00645821 /* Extension */ = {
			isa = PBXGroup;
			children = (
				84096CD1283E75F000645821 /* CodableBundleExtension.swift */,
			);
			path = Extension;
			sourceTree = "<group>";
		};
		84096CD3283E762B00645821 /* Data */ = {
			isa = PBXGroup;
			children = (
				84012B1A2841074B008242A7 /* locations.json */,
				84096CD4283E765200645821 /* covers.json */,
				84096CD6283E765200645821 /* regions.json */,
				840674ED283FBB19002C2D48 /* universities.json */,
			);
			path = Data;
			sourceTree = "<group>";
		};
		84716542285B09FF00A7F38F /* Theme */ = {
			isa = PBXGroup;
			children = (
				84716543285B0A1800A7F38F /* ThemeModel.swift */,
				84716545285B0A6000A7F38F /* ThemeData.swift */,
				84716547285B0B0B00A7F38F /* ThemeSettings.swift */,
			);
			path = Theme;
			sourceTree = "<group>";
		};
		84B0C213283293CA00F6CBA2 /* View */ = {
			isa = PBXGroup;
			children = (
				84096CCA283E751700645821 /* CoverImageView.swift */,
				84096CDC283E778400645821 /* UniversityListItemView.swift */,
				84096CE2283E843C00645821 /* UniversityDetailView.swift */,
				84096CE4283E855500645821 /* HeadingView.swift */,
				84096CE8283E8A9000645821 /* InsetMessageView.swift */,
				84096CE6283E85D900645821 /* InsetGalleryView.swift */,
				84096CEA283E8B5100645821 /* InsetMapView.swift */,
				84096CEC283E8C7E00645821 /* ExternalWebLinkView.swift */,
				840674EF283FBCA9002C2D48 /* InsetCommentView.swift */,
				840674F1283FCAF7002C2D48 /* CopyrightView.swift */,
				84012B1C284108E1008242A7 /* MapAnnotationView.swift */,
				84716540285B067A00A7F38F /* FormRowStaticView.swift */,
			);
			path = View;
			sourceTree = "<group>";
		};
		84B0C214283293D200F6CBA2 /* Model */ = {
			isa = PBXGroup;
			children = (
				84B0C21D283294DE00F6CBA2 /* RegionModel.swift */,
				84B0C220283294E500F6CBA2 /* UniversityLocationModel.swift */,
				84096CCE283E758F00645821 /* CoverImageModel.swift */,
				84096CDE283E7C0A00645821 /* UniversityModel.swift */,
			);
			path = Model;
			sourceTree = "<group>";
		};
		84B0C215283293D700F6CBA2 /* App */ = {
			isa = PBXGroup;
			children = (
				84B0C2412832951800F6CBA2 /* MainView.swift */,
				8404EA8028241B9500203E9D /* UniversityAppApp.swift */,
				84096CBF283E718800645821 /* ContentView.swift */,
				84096CC3283E737B00645821 /* MapView.swift */,
				84096CC5283E73AA00645821 /* SettingsView.swift */,
				84096CC7283E741A00645821 /* ClassificationView.swift */,
			);
			path = App;
			sourceTree = "<group>";
		};
/* End PBXGroup section */

/* Begin PBXNativeTarget section */
		8404EA7C28241B9500203E9D /* UniversityApp */ = {
			isa = PBXNativeTarget;
			buildConfigurationList = 8404EA9028241B9700203E9D /* Build configuration list for PBXNativeTarget "UniversityApp" */;
			buildPhases = (
				8404EA7928241B9500203E9D /* Sources */,
				8404EA7A28241B9500203E9D /* Frameworks */,
				8404EA7B28241B9500203E9D /* Resources */,
			);
			buildRules = (
			);
			dependencies = (
			);
			name = UniversityApp;
			productName = UniversityApp;
			productReference = 8404EA7D28241B9500203E9D /* UniversityApp.app */;
			productType = "com.apple.product-type.application";
		};
/* End PBXNativeTarget section */

/* Begin PBXProject section */
		8404EA7528241B9500203E9D /* Project object */ = {
			isa = PBXProject;
			attributes = {
				BuildIndependentTargetsInParallel = 1;
				LastSwiftUpdateCheck = 1330;
				LastUpgradeCheck = 1330;
				TargetAttributes = {
					8404EA7C28241B9500203E9D = {
						CreatedOnToolsVersion = 13.3;
					};
				};
			};
			buildConfigurationList = 8404EA7828241B9500203E9D /* Build configuration list for PBXProject "UniversityApp" */;
			compatibilityVersion = "Xcode 13.0";
			developmentRegion = en;
			hasScannedForEncodings = 0;
			knownRegions = (
				en,
				Base,
			);
			mainGroup = 8404EA7428241B9500203E9D;
			productRefGroup = 8404EA7E28241B9500203E9D /* Products */;
			projectDirPath = "";
			projectRoot = "";
			targets = (
				8404EA7C28241B9500203E9D /* UniversityApp */,
			);
		};
/* End PBXProject section */

/* Begin PBXResourcesBuildPhase section */
		8404EA7B28241B9500203E9D /* Resources */ = {
			isa = PBXResourcesBuildPhase;
			buildActionMask = 2147483647;
			files = (
				84012B1B2841074B008242A7 /* locations.json in Resources */,
				8404EA8828241B9700203E9D /* Preview Assets.xcassets in Resources */,
				84096CD8283E765300645821 /* covers.json in Resources */,
				840674EE283FBB19002C2D48 /* universities.json in Resources */,
				84096CDA283E765300645821 /* regions.json in Resources */,
				8404EA8528241B9700203E9D /* Assets.xcassets in Resources */,
			);
			runOnlyForDeploymentPostprocessing = 0;
		};
/* End PBXResourcesBuildPhase section */

/* Begin PBXSourcesBuildPhase section */
		8404EA7928241B9500203E9D /* Sources */ = {
			isa = PBXSourcesBuildPhase;
			buildActionMask = 2147483647;
			files = (
				8404EA8A28241B9700203E9D /* Persistence.swift in Sources */,
				84096CC4283E737B00645821 /* MapView.swift in Sources */,
				84096CDF283E7C0A00645821 /* UniversityModel.swift in Sources */,
				840674F0283FBCA9002C2D48 /* InsetCommentView.swift in Sources */,
				84096CED283E8C7E00645821 /* ExternalWebLinkView.swift in Sources */,
				84096CE9283E8A9000645821 /* InsetMessageView.swift in Sources */,
				84096CE3283E843C00645821 /* UniversityDetailView.swift in Sources */,
				84096CC6283E73AA00645821 /* SettingsView.swift in Sources */,
				84096CC0283E718800645821 /* ContentView.swift in Sources */,
				840674F5283FCC7B002C2D48 /* CenterModifier.swift in Sources */,
				84012B2028410C1E008242A7 /* UniversityApp.xcdatamodeld in Sources */,
				84716541285B067A00A7F38F /* FormRowStaticView.swift in Sources */,
				84096CCF283E758F00645821 /* CoverImageModel.swift in Sources */,
				84096CCB283E751700645821 /* CoverImageView.swift in Sources */,
				84096CE7283E85D900645821 /* InsetGalleryView.swift in Sources */,
				84B0C223283294E600F6CBA2 /* UniversityLocationModel.swift in Sources */,
				84B0C21E283294DE00F6CBA2 /* RegionModel.swift in Sources */,
				84012B1D284108E1008242A7 /* MapAnnotationView.swift in Sources */,
				8404EA8128241B9500203E9D /* UniversityAppApp.swift in Sources */,
				84096CE5283E855500645821 /* HeadingView.swift in Sources */,
				84716548285B0B0B00A7F38F /* ThemeSettings.swift in Sources */,
				840674F2283FCAF8002C2D48 /* CopyrightView.swift in Sources */,
				84096CC8283E741A00645821 /* ClassificationView.swift in Sources */,
				84096CEB283E8B5100645821 /* InsetMapView.swift in Sources */,
				84716546285B0A6000A7F38F /* ThemeData.swift in Sources */,
				84096CD2283E75F000645821 /* CodableBundleExtension.swift in Sources */,
				84716544285B0A1800A7F38F /* ThemeModel.swift in Sources */,
				84B0C2472832951900F6CBA2 /* MainView.swift in Sources */,
				84096CDD283E778400645821 /* UniversityListItemView.swift in Sources */,
			);
			runOnlyForDeploymentPostprocessing = 0;
		};
/* End PBXSourcesBuildPhase section */

/* Begin XCBuildConfiguration section */
		8404EA8E28241B9700203E9D /* Debug */ = {
			isa = XCBuildConfiguration;
			buildSettings = {
				ALWAYS_SEARCH_USER_PATHS = NO;
				CLANG_ANALYZER_NONNULL = YES;
				CLANG_ANALYZER_NUMBER_OBJECT_CONVERSION = YES_AGGRESSIVE;
				CLANG_CXX_LANGUAGE_STANDARD = "gnu++17";
				CLANG_ENABLE_MODULES = YES;
				CLANG_ENABLE_OBJC_ARC = YES;
				CLANG_ENABLE_OBJC_WEAK = YES;
				CLANG_WARN_BLOCK_CAPTURE_AUTORELEASING = YES;
				CLANG_WARN_BOOL_CONVERSION = YES;
				CLANG_WARN_COMMA = YES;
				CLANG_WARN_CONSTANT_CONVERSION = YES;
				CLANG_WARN_DEPRECATED_OBJC_IMPLEMENTATIONS = YES;
				CLANG_WARN_DIRECT_OBJC_ISA_USAGE = YES_ERROR;
				CLANG_WARN_DOCUMENTATION_COMMENTS = YES;
				CLANG_WARN_EMPTY_BODY = YES;
				CLANG_WARN_ENUM_CONVERSION = YES;
				CLANG_WARN_INFINITE_RECURSION = YES;
				CLANG_WARN_INT_CONVERSION = YES;
				CLANG_WARN_NON_LITERAL_NULL_CONVERSION = YES;
				CLANG_WARN_OBJC_IMPLICIT_RETAIN_SELF = YES;
				CLANG_WARN_OBJC_LITERAL_CONVERSION = YES;
				CLANG_WARN_OBJC_ROOT_CLASS = YES_ERROR;
				CLANG_WARN_QUOTED_INCLUDE_IN_FRAMEWORK_HEADER = YES;
				CLANG_WARN_RANGE_LOOP_ANALYSIS = YES;
				CLANG_WARN_STRICT_PROTOTYPES = YES;
				CLANG_WARN_SUSPICIOUS_MOVE = YES;
				CLANG_WARN_UNGUARDED_AVAILABILITY = YES_AGGRESSIVE;
				CLANG_WARN_UNREACHABLE_CODE = YES;
				CLANG_WARN__DUPLICATE_METHOD_MATCH = YES;
				COPY_PHASE_STRIP = NO;
				DEBUG_INFORMATION_FORMAT = dwarf;
				ENABLE_STRICT_OBJC_MSGSEND = YES;
				ENABLE_TESTABILITY = YES;
				GCC_C_LANGUAGE_STANDARD = gnu11;
				GCC_DYNAMIC_NO_PIC = NO;
				GCC_NO_COMMON_BLOCKS = YES;
				GCC_OPTIMIZATION_LEVEL = 0;
				GCC_PREPROCESSOR_DEFINITIONS = (
					"DEBUG=1",
					"$(inherited)",
				);
				GCC_WARN_64_TO_32_BIT_CONVERSION = YES;
				GCC_WARN_ABOUT_RETURN_TYPE = YES_ERROR;
				GCC_WARN_UNDECLARED_SELECTOR = YES;
				GCC_WARN_UNINITIALIZED_AUTOS = YES_AGGRESSIVE;
				GCC_WARN_UNUSED_FUNCTION = YES;
				GCC_WARN_UNUSED_VARIABLE = YES;
				IPHONEOS_DEPLOYMENT_TARGET = 15.4;
				MTL_ENABLE_DEBUG_INFO = INCLUDE_SOURCE;
				MTL_FAST_MATH = YES;
				ONLY_ACTIVE_ARCH = YES;
				SDKROOT = iphoneos;
				SWIFT_ACTIVE_COMPILATION_CONDITIONS = DEBUG;
				SWIFT_OPTIMIZATION_LEVEL = "-Onone";
			};
			name = Debug;
		};
		8404EA8F28241B9700203E9D /* Release */ = {
			isa = XCBuildConfiguration;
			buildSettings = {
				ALWAYS_SEARCH_USER_PATHS = NO;
				CLANG_ANALYZER_NONNULL = YES;
				CLANG_ANALYZER_NUMBER_OBJECT_CONVERSION = YES_AGGRESSIVE;
				CLANG_CXX_LANGUAGE_STANDARD = "gnu++17";
				CLANG_ENABLE_MODULES = YES;
				CLANG_ENABLE_OBJC_ARC = YES;
				CLANG_ENABLE_OBJC_WEAK = YES;
				CLANG_WARN_BLOCK_CAPTURE_AUTORELEASING = YES;
				CLANG_WARN_BOOL_CONVERSION = YES;
				CLANG_WARN_COMMA = YES;
				CLANG_WARN_CONSTANT_CONVERSION = YES;
				CLANG_WARN_DEPRECATED_OBJC_IMPLEMENTATIONS = YES;
				CLANG_WARN_DIRECT_OBJC_ISA_USAGE = YES_ERROR;
				CLANG_WARN_DOCUMENTATION_COMMENTS = YES;
				CLANG_WARN_EMPTY_BODY = YES;
				CLANG_WARN_ENUM_CONVERSION = YES;
				CLANG_WARN_INFINITE_RECURSION = YES;
				CLANG_WARN_INT_CONVERSION = YES;
				CLANG_WARN_NON_LITERAL_NULL_CONVERSION = YES;
				CLANG_WARN_OBJC_IMPLICIT_RETAIN_SELF = YES;
				CLANG_WARN_OBJC_LITERAL_CONVERSION = YES;
				CLANG_WARN_OBJC_ROOT_CLASS = YES_ERROR;
				CLANG_WARN_QUOTED_INCLUDE_IN_FRAMEWORK_HEADER = YES;
				CLANG_WARN_RANGE_LOOP_ANALYSIS = YES;
				CLANG_WARN_STRICT_PROTOTYPES = YES;
				CLANG_WARN_SUSPICIOUS_MOVE = YES;
				CLANG_WARN_UNGUARDED_AVAILABILITY = YES_AGGRESSIVE;
				CLANG_WARN_UNREACHABLE_CODE = YES;
				CLANG_WARN__DUPLICATE_METHOD_MATCH = YES;
				COPY_PHASE_STRIP = NO;
				DEBUG_INFORMATION_FORMAT = "dwarf-with-dsym";
				ENABLE_NS_ASSERTIONS = NO;
				ENABLE_STRICT_OBJC_MSGSEND = YES;
				GCC_C_LANGUAGE_STANDARD = gnu11;
				GCC_NO_COMMON_BLOCKS = YES;
				GCC_WARN_64_TO_32_BIT_CONVERSION = YES;
				GCC_WARN_ABOUT_RETURN_TYPE = YES_ERROR;
				GCC_WARN_UNDECLARED_SELECTOR = YES;
				GCC_WARN_UNINITIALIZED_AUTOS = YES_AGGRESSIVE;
				GCC_WARN_UNUSED_FUNCTION = YES;
				GCC_WARN_UNUSED_VARIABLE = YES;
				IPHONEOS_DEPLOYMENT_TARGET = 15.4;
				MTL_ENABLE_DEBUG_INFO = NO;
				MTL_FAST_MATH = YES;
				SDKROOT = iphoneos;
				SWIFT_COMPILATION_MODE = wholemodule;
				SWIFT_OPTIMIZATION_LEVEL = "-O";
				VALIDATE_PRODUCT = YES;
			};
			name = Release;
		};
		8404EA9128241B9700203E9D /* Debug */ = {
			isa = XCBuildConfiguration;
			buildSettings = {
				ASSETCATALOG_COMPILER_APPICON_NAME = AppIcon;
				ASSETCATALOG_COMPILER_GLOBAL_ACCENT_COLOR_NAME = AccentColor;
				CODE_SIGN_STYLE = Automatic;
				CURRENT_PROJECT_VERSION = 1;
				DEVELOPMENT_ASSET_PATHS = "\"UniversityApp/Preview Content\"";
				DEVELOPMENT_TEAM = RCZUH744DX;
				ENABLE_PREVIEWS = YES;
				GENERATE_INFOPLIST_FILE = YES;
				INFOPLIST_FILE = UniversityApp/Info.plist;
				INFOPLIST_KEY_UIApplicationSceneManifest_Generation = YES;
				INFOPLIST_KEY_UIApplicationSupportsIndirectInputEvents = YES;
				INFOPLIST_KEY_UISupportedInterfaceOrientations_iPad = "UIInterfaceOrientationPortrait UIInterfaceOrientationPortraitUpsideDown UIInterfaceOrientationLandscapeLeft UIInterfaceOrientationLandscapeRight";
				INFOPLIST_KEY_UISupportedInterfaceOrientations_iPhone = "UIInterfaceOrientationPortrait UIInterfaceOrientationLandscapeLeft UIInterfaceOrientationLandscapeRight";
				LD_RUNPATH_SEARCH_PATHS = (
					"$(inherited)",
					"@executable_path/Frameworks",
				);
				MARKETING_VERSION = 1.0;
				PRODUCT_BUNDLE_IDENTIFIER = com.whisper.UniversityApp;
				PRODUCT_NAME = "$(TARGET_NAME)";
				SWIFT_EMIT_LOC_STRINGS = YES;
				SWIFT_VERSION = 5.0;
				TARGETED_DEVICE_FAMILY = "1,2";
			};
			name = Debug;
		};
		8404EA9228241B9700203E9D /* Release */ = {
			isa = XCBuildConfiguration;
			buildSettings = {
				ASSETCATALOG_COMPILER_APPICON_NAME = AppIcon;
				ASSETCATALOG_COMPILER_GLOBAL_ACCENT_COLOR_NAME = AccentColor;
				CODE_SIGN_STYLE = Automatic;
				CURRENT_PROJECT_VERSION = 1;
				DEVELOPMENT_ASSET_PATHS = "\"UniversityApp/Preview Content\"";
				DEVELOPMENT_TEAM = RCZUH744DX;
				ENABLE_PREVIEWS = YES;
				GENERATE_INFOPLIST_FILE = YES;
				INFOPLIST_FILE = UniversityApp/Info.plist;
				INFOPLIST_KEY_UIApplicationSceneManifest_Generation = YES;
				INFOPLIST_KEY_UIApplicationSupportsIndirectInputEvents = YES;
				INFOPLIST_KEY_UISupportedInterfaceOrientations_iPad = "UIInterfaceOrientationPortrait UIInterfaceOrientationPortraitUpsideDown UIInterfaceOrientationLandscapeLeft UIInterfaceOrientationLandscapeRight";
				INFOPLIST_KEY_UISupportedInterfaceOrientations_iPhone = "UIInterfaceOrientationPortrait UIInterfaceOrientationLandscapeLeft UIInterfaceOrientationLandscapeRight";
				LD_RUNPATH_SEARCH_PATHS = (
					"$(inherited)",
					"@executable_path/Frameworks",
				);
				MARKETING_VERSION = 1.0;
				PRODUCT_BUNDLE_IDENTIFIER = com.whisper.UniversityApp;
				PRODUCT_NAME = "$(TARGET_NAME)";
				SWIFT_EMIT_LOC_STRINGS = YES;
				SWIFT_VERSION = 5.0;
				TARGETED_DEVICE_FAMILY = "1,2";
			};
			name = Release;
		};
/* End XCBuildConfiguration section */

/* Begin XCConfigurationList section */
		8404EA7828241B9500203E9D /* Build configuration list for PBXProject "UniversityApp" */ = {
			isa = XCConfigurationList;
			buildConfigurations = (
				8404EA8E28241B9700203E9D /* Debug */,
				8404EA8F28241B9700203E9D /* Release */,
			);
			defaultConfigurationIsVisible = 0;
			defaultConfigurationName = Release;
		};
		8404EA9028241B9700203E9D /* Build configuration list for PBXNativeTarget "UniversityApp" */ = {
			isa = XCConfigurationList;
			buildConfigurations = (
				8404EA9128241B9700203E9D /* Debug */,
				8404EA9228241B9700203E9D /* Release */,
			);
			defaultConfigurationIsVisible = 0;
			defaultConfigurationName = Release;
		};
/* End XCConfigurationList section */

/* Begin XCVersionGroup section */
		84012B1E28410C1E008242A7 /* UniversityApp.xcdatamodeld */ = {
			isa = XCVersionGroup;
			children = (
				84012B1F28410C1E008242A7 /* UniversityApp.xcdatamodel */,
			);
			currentVersion = 84012B1F28410C1E008242A7 /* UniversityApp.xcdatamodel */;
			path = UniversityApp.xcdatamodeld;
			sourceTree = "<group>";
			versionGroupType = wrapper.xcdatamodel;
		};
/* End XCVersionGroup section */
	};
	rootObject = 8404EA7528241B9500203E9D /* Project object */;
}
